
Microsoft Visual Studio Solution File, Format Version 12.00
# Visual Studio 15
VisualStudioVersion = 15.0.27703.2035
MinimumVisualStudioVersion = 10.0.40219.1
Project("{FAE04EC0-301F-11D3-BF4B-00C04F79EFBC}") = "FinanceServicesTest", "CharityFinanceTest\FinanceServicesTest.csproj", "{6927B21B-2845-486C-9950-090A08B4BA73}"
EndProject
Project("{FAE04EC0-301F-11D3-BF4B-00C04F79EFBC}") = "FinanceDomain", "Entities\FinanceDomain.csproj", "{5EDF35BC-981A-4C34-B428-1BEADBB29FE0}"
EndProject
Project("{FAE04EC0-301F-11D3-BF4B-00C04F79EFBC}") = "Repositories", "Repositories\Repositories.csproj", "{D50CD673-444F-468F-ABD3-8D258E47DDB9}"
EndProject
Project("{FAE04EC0-301F-11D3-BF4B-00C04F79EFBC}") = "FinanceDesktopView", "FinanceDesktopView\FinanceDesktopView.csproj", "{007B39CC-7109-43E2-A45B-BB7D3F4BC719}"
EndProject
Project("{FAE04EC0-301F-11D3-BF4B-00C04F79EFBC}") = "FinanceServices", "FinanceServices\FinanceServices.csproj", "{BC394C39-01E4-4300-B457-DCD68B67E71F}"
EndProject
Project("{FAE04EC0-301F-11D3-BF4B-00C04F79EFBC}") = "ExcelServices", "ExcelServices\ExcelServices.csproj", "{265CA93A-65E0-49C6-A373-0802430FAC8F}"
EndProject
Project("{FAE04EC0-301F-11D3-BF4B-00C04F79EFBC}") = "RepositoriesTest", "RepositoryTest\RepositoriesTest.csproj", "{FA3119CE-1CFB-4DC6-B9AF-5BBDE81E0A19}"
EndProject
Project("{FAE04EC0-301F-11D3-BF4B-00C04F79EFBC}") = "FinanceDomainTest", "FinanceDomainTest\FinanceDomainTest.csproj", "{C237F491-6D60-4641-AE3B-0AA549FC086E}"
EndProject
Global
	GlobalSection(SolutionConfigurationPlatforms) = preSolution
		Debug|Any CPU = Debug|Any CPU
		Release|Any CPU = Release|Any CPU
	EndGlobalSection
	GlobalSection(ProjectConfigurationPlatforms) = postSolution
		{6927B21B-2845-486C-9950-090A08B4BA73}.Debug|Any CPU.ActiveCfg = Debug|Any CPU
		{6927B21B-2845-486C-9950-090A08B4BA73}.Debug|Any CPU.Build.0 = Debug|Any CPU
		{6927B21B-2845-486C-9950-090A08B4BA73}.Release|Any CPU.ActiveCfg = Release|Any CPU
		{6927B21B-2845-486C-9950-090A08B4BA73}.Release|Any CPU.Build.0 = Release|Any CPU
		{5EDF35BC-981A-4C34-B428-1BEADBB29FE0}.Debug|Any CPU.ActiveCfg = Debug|Any CPU
		{5EDF35BC-981A-4C34-B428-1BEADBB29FE0}.Debug|Any CPU.Build.0 = Debug|Any CPU
		{5EDF35BC-981A-4C34-B428-1BEADBB29FE0}.Release|Any CPU.ActiveCfg = Release|Any CPU
		{5EDF35BC-981A-4C34-B428-1BEADBB29FE0}.Release|Any CPU.Build.0 = Release|Any CPU
		{D50CD673-444F-468F-ABD3-8D258E47DDB9}.Debug|Any CPU.ActiveCfg = Debug|Any CPU
		{D50CD673-444F-468F-ABD3-8D258E47DDB9}.Debug|Any CPU.Build.0 = Debug|Any CPU
		{D50CD673-444F-468F-ABD3-8D258E47DDB9}.Release|Any CPU.ActiveCfg = Release|Any CPU
		{D50CD673-444F-468F-ABD3-8D258E47DDB9}.Release|Any CPU.Build.0 = Release|Any CPU
		{007B39CC-7109-43E2-A45B-BB7D3F4BC719}.Debug|Any CPU.ActiveCfg = Debug|Any CPU
		{007B39CC-7109-43E2-A45B-BB7D3F4BC719}.Debug|Any CPU.Build.0 = Debug|Any CPU
		{007B39CC-7109-43E2-A45B-BB7D3F4BC719}.Release|Any CPU.ActiveCfg = Release|Any CPU
		{007B39CC-7109-43E2-A45B-BB7D3F4BC719}.Release|Any CPU.Build.0 = Release|Any CPU
		{BC394C39-01E4-4300-B457-DCD68B67E71F}.Debug|Any CPU.ActiveCfg = Debug|Any CPU
		{BC394C39-01E4-4300-B457-DCD68B67E71F}.Debug|Any CPU.Build.0 = Debug|Any CPU
		{BC394C39-01E4-4300-B457-DCD68B67E71F}.Release|Any CPU.ActiveCfg = Release|Any CPU
		{BC394C39-01E4-4300-B457-DCD68B67E71F}.Release|Any CPU.Build.0 = Release|Any CPU
		{265CA93A-65E0-49C6-A373-0802430FAC8F}.Debug|Any CPU.ActiveCfg = Debug|Any CPU
		{265CA93A-65E0-49C6-A373-0802430FAC8F}.Debug|Any CPU.Build.0 = Debug|Any CPU
		{265CA93A-65E0-49C6-A373-0802430FAC8F}.Release|Any CPU.ActiveCfg = Release|Any CPU
		{265CA93A-65E0-49C6-A373-0802430FAC8F}.Release|Any CPU.Build.0 = Release|Any CPU
		{FA3119CE-1CFB-4DC6-B9AF-5BBDE81E0A19}.Debug|Any CPU.ActiveCfg = Debug|Any CPU
		{FA3119CE-1CFB-4DC6-B9AF-5BBDE81E0A19}.Debug|Any CPU.Build.0 = Debug|Any CPU
		{FA3119CE-1CFB-4DC6-B9AF-5BBDE81E0A19}.Release|Any CPU.ActiveCfg = Release|Any CPU
		{FA3119CE-1CFB-4DC6-B9AF-5BBDE81E0A19}.Release|Any CPU.Build.0 = Release|Any CPU
		{C237F491-6D60-4641-AE3B-0AA549FC086E}.Debug|Any CPU.ActiveCfg = Debug|Any CPU
		{C237F491-6D60-4641-AE3B-0AA549FC086E}.Debug|Any CPU.Build.0 = Debug|Any CPU
		{C237F491-6D60-4641-AE3B-0AA549FC086E}.Release|Any CPU.ActiveCfg = Release|Any CPU
		{C237F491-6D60-4641-AE3B-0AA549FC086E}.Release|Any CPU.Build.0 = Release|Any CPU
	EndGlobalSection
	GlobalSection(SolutionProperties) = preSolution
		HideSolutionNode = FALSE
	EndGlobalSection
	GlobalSection(ExtensibilityGlobals) = postSolution
		SolutionGuid = {EF024A34-5EED-41CE-9D07-445044AC67BD}
	EndGlobalSection
EndGlobal
